
Microsoft Visual Studio Solution File, Format Version 11.00
# Visual Studio 2010
Project("{FAE04EC0-301F-11D3-BF4B-00C04F79EFBC}") = "TCG.Tests", "TCG.Tests.csproj", "{079ABC4A-1447-4F40-A9F8-48A26154A2EB}"
EndProject
Project("{FAE04EC0-301F-11D3-BF4B-00C04F79EFBC}") = "TCG", "..\TCG\TCG.csproj", "{2379B921-C3BB-48A9-8BED-BFB1F7519318}"
EndProject
Global
	GlobalSection(SolutionConfigurationPlatforms) = preSolution
		Debug|Any CPU = Debug|Any CPU
		Release|Any CPU = Release|Any CPU
	EndGlobalSection
	GlobalSection(ProjectConfigurationPlatforms) = postSolution
		{079ABC4A-1447-4F40-A9F8-48A26154A2EB}.Debug|Any CPU.ActiveCfg = Debug|Any CPU
		{079ABC4A-1447-4F40-A9F8-48A26154A2EB}.Debug|Any CPU.Build.0 = Debug|Any CPU
		{079ABC4A-1447-4F40-A9F8-48A26154A2EB}.Release|Any CPU.ActiveCfg = Release|Any CPU
		{079ABC4A-1447-4F40-A9F8-48A26154A2EB}.Release|Any CPU.Build.0 = Release|Any CPU
		{2379B921-C3BB-48A9-8BED-BFB1F7519318}.Debug|Any CPU.ActiveCfg = Debug|Any CPU
		{2379B921-C3BB-48A9-8BED-BFB1F7519318}.Debug|Any CPU.Build.0 = Debug|Any CPU
		{2379B921-C3BB-48A9-8BED-BFB1F7519318}.Release|Any CPU.ActiveCfg = Release|Any CPU
		{2379B921-C3BB-48A9-8BED-BFB1F7519318}.Release|Any CPU.Build.0 = Release|Any CPU
	EndGlobalSection
	GlobalSection(SolutionProperties) = preSolution
		HideSolutionNode = FALSE
	EndGlobalSection
EndGlobal
